
Microsoft Visual Studio Solution File, Format Version 12.00
# Visual Studio 15
VisualStudioVersion = 15.0.28307.1622
MinimumVisualStudioVersion = 10.0.40219.1
Project("{8BC9CEB8-8B4A-11D0-8D11-00A0C91BC942}") = "RS232", "RS232\RS232.vcxproj", "{05398BA5-2A16-4C79-B4E7-5DC47614967E}"
EndProject
Global
	GlobalSection(SolutionConfigurationPlatforms) = preSolution
		Debug|x64 = Debug|x64
		Release|x64 = Release|x64
	EndGlobalSection
	GlobalSection(ProjectConfigurationPlatforms) = postSolution
		{05398BA5-2A16-4C79-B4E7-5DC47614967E}.Debug|x64.ActiveCfg = Debug|x64
		{05398BA5-2A16-4C79-B4E7-5DC47614967E}.Debug|x64.Build.0 = Debug|x64
		{05398BA5-2A16-4C79-B4E7-5DC47614967E}.Release|x64.ActiveCfg = Release|x64
		{05398BA5-2A16-4C79-B4E7-5DC47614967E}.Release|x64.Build.0 = Release|x64
	EndGlobalSection
	GlobalSection(SolutionProperties) = preSolution
		HideSolutionNode = FALSE
	EndGlobalSection
	GlobalSection(ExtensibilityGlobals) = postSolution
		SolutionGuid = {0772D317-79AF-431C-BC63-148B5D7B954F}
	EndGlobalSection
EndGlobal
